// !$*UTF8*$!
{
	archiveVersion = 1;
	classes = {
	};
	objectVersion = 50;
	objects = {

/* Begin PBXBuildFile section */
		3A4D8B8F22DEB35C0095B008 /* AppDelegate.swift in Sources */ = {isa = PBXBuildFile; fileRef = 3A4D8B8E22DEB35C0095B008 /* AppDelegate.swift */; };
		3A4D8B9122DEB35C0095B008 /* ViewController.swift in Sources */ = {isa = PBXBuildFile; fileRef = 3A4D8B9022DEB35C0095B008 /* ViewController.swift */; };
		3A4D8B9422DEB35C0095B008 /* Main.storyboard in Resources */ = {isa = PBXBuildFile; fileRef = 3A4D8B9222DEB35C0095B008 /* Main.storyboard */; };
		3A4D8B9622DEB35D0095B008 /* Assets.xcassets in Resources */ = {isa = PBXBuildFile; fileRef = 3A4D8B9522DEB35D0095B008 /* Assets.xcassets */; };
		3A4D8B9922DEB35D0095B008 /* LaunchScreen.storyboard in Resources */ = {isa = PBXBuildFile; fileRef = 3A4D8B9722DEB35D0095B008 /* LaunchScreen.storyboard */; };
		3A4D8BA122DEBE040095B008 /* PageViewController.swift in Sources */ = {isa = PBXBuildFile; fileRef = 3A4D8BA022DEBE040095B008 /* PageViewController.swift */; };
		3AFC98742305591D00E0A49D /* PViewController.swift in Sources */ = {isa = PBXBuildFile; fileRef = 3AFC98722305591D00E0A49D /* PViewController.swift */; };
		3AFC98752305591D00E0A49D /* PViewController.xib in Resources */ = {isa = PBXBuildFile; fileRef = 3AFC98732305591D00E0A49D /* PViewController.xib */; };
/* End PBXBuildFile section */

/* Begin PBXFileReference section */
		3A4D8B8B22DEB35C0095B008 /* x.app */ = {isa = PBXFileReference; explicitFileType = wrapper.application; includeInIndex = 0; path = x.app; sourceTree = BUILT_PRODUCTS_DIR; };
		3A4D8B8E22DEB35C0095B008 /* AppDelegate.swift */ = {isa = PBXFileReference; lastKnownFileType = sourcecode.swift; path = AppDelegate.swift; sourceTree = "<group>"; };
		3A4D8B9022DEB35C0095B008 /* ViewController.swift */ = {isa = PBXFileReference; lastKnownFileType = sourcecode.swift; path = ViewController.swift; sourceTree = "<group>"; };
		3A4D8B9322DEB35C0095B008 /* Base */ = {isa = PBXFileReference; lastKnownFileType = file.storyboard; name = Base; path = Base.lproj/Main.storyboard; sourceTree = "<group>"; };
		3A4D8B9522DEB35D0095B008 /* Assets.xcassets */ = {isa = PBXFileReference; lastKnownFileType = folder.assetcatalog; path = Assets.xcassets; sourceTree = "<group>"; };
		3A4D8B9822DEB35D0095B008 /* Base */ = {isa = PBXFileReference; lastKnownFileType = file.storyboard; name = Base; path = Base.lproj/LaunchScreen.storyboard; sourceTree = "<group>"; };
		3A4D8B9A22DEB35D0095B008 /* Info.plist */ = {isa = PBXFileReference; lastKnownFileType = text.plist.xml; path = Info.plist; sourceTree = "<group>"; };
		3A4D8BA022DEBE040095B008 /* PageViewController.swift */ = {isa = PBXFileReference; lastKnownFileType = sourcecode.swift; path = PageViewController.swift; sourceTree = "<group>"; };
		3AFC98722305591D00E0A49D /* PViewController.swift */ = {isa = PBXFileReference; lastKnownFileType = sourcecode.swift; path = PViewController.swift; sourceTree = "<group>"; };
		3AFC98732305591D00E0A49D /* PViewController.xib */ = {isa = PBXFileReference; lastKnownFileType = file.xib; path = PViewController.xib; sourceTree = "<group>"; };
/* End PBXFileReference section */

/* Begin PBXFrameworksBuildPhase section */
		3A4D8B8822DEB35C0095B008 /* Frameworks */ = {
			isa = PBXFrameworksBuildPhase;
			buildActionMask = 2147483647;
			files = (
			);
			runOnlyForDeploymentPostprocessing = 0;
		};
/* End PBXFrameworksBuildPhase section */

/* Begin PBXGroup section */
		3A4D8B8222DEB35C0095B008 = {
			isa = PBXGroup;
			children = (
				3A4D8B8D22DEB35C0095B008 /* x */,
				3A4D8B8C22DEB35C0095B008 /* Products */,
			);
			sourceTree = "<group>";
		};
		3A4D8B8C22DEB35C0095B008 /* Products */ = {
			isa = PBXGroup;
			children = (
				3A4D8B8B22DEB35C0095B008 /* x.app */,
			);
			name = Products;
			sourceTree = "<group>";
		};
		3A4D8B8D22DEB35C0095B008 /* x */ = {
			isa = PBXGroup;
			children = (
				3A4D8B8E22DEB35C0095B008 /* AppDelegate.swift */,
				3A4D8B9022DEB35C0095B008 /* ViewController.swift */,
				3A4D8B9222DEB35C0095B008 /* Main.storyboard */,
				3A4D8B9522DEB35D0095B008 /* Assets.xcassets */,
				3A4D8B9722DEB35D0095B008 /* LaunchScreen.storyboard */,
				3A4D8B9A22DEB35D0095B008 /* Info.plist */,
				3A4D8BA022DEBE040095B008 /* PageViewController.swift */,
				3AFC98722305591D00E0A49D /* PViewController.swift */,
				3AFC98732305591D00E0A49D /* PViewController.xib */,
			);
			path = x;
			sourceTree = "<group>";
		};
/* End PBXGroup section */

/* Begin PBXNativeTarget section */
		3A4D8B8A22DEB35C0095B008 /* x */ = {
			isa = PBXNativeTarget;
			buildConfigurationList = 3A4D8B9D22DEB35E0095B008 /* Build configuration list for PBXNativeTarget "x" */;
			buildPhases = (
				3A4D8B8722DEB35C0095B008 /* Sources */,
				3A4D8B8822DEB35C0095B008 /* Frameworks */,
				3A4D8B8922DEB35C0095B008 /* Resources */,
			);
			buildRules = (
			);
			dependencies = (
			);
			name = x;
			productName = x;
			productReference = 3A4D8B8B22DEB35C0095B008 /* x.app */;
			productType = "com.apple.product-type.application";
		};
/* End PBXNativeTarget section */

/* Begin PBXProject section */
		3A4D8B8322DEB35C0095B008 /* Project object */ = {
			isa = PBXProject;
			attributes = {
				LastSwiftUpdateCheck = 1020;
				LastUpgradeCheck = 1020;
				ORGANIZATIONNAME = AnhDCT;
				TargetAttributes = {
					3A4D8B8A22DEB35C0095B008 = {
						CreatedOnToolsVersion = 10.2.1;
					};
				};
			};
			buildConfigurationList = 3A4D8B8622DEB35C0095B008 /* Build configuration list for PBXProject "x" */;
			compatibilityVersion = "Xcode 9.3";
			developmentRegion = en;
			hasScannedForEncodings = 0;
			knownRegions = (
				en,
				Base,
			);
			mainGroup = 3A4D8B8222DEB35C0095B008;
			productRefGroup = 3A4D8B8C22DEB35C0095B008 /* Products */;
			projectDirPath = "";
			projectRoot = "";
			targets = (
				3A4D8B8A22DEB35C0095B008 /* x */,
			);
		};
/* End PBXProject section */

/* Begin PBXResourcesBuildPhase section */
		3A4D8B8922DEB35C0095B008 /* Resources */ = {
			isa = PBXResourcesBuildPhase;
			buildActionMask = 2147483647;
			files = (
				3A4D8B9922DEB35D0095B008 /* LaunchScreen.storyboard in Resources */,
				3A4D8B9622DEB35D0095B008 /* Assets.xcassets in Resources */,
				3A4D8B9422DEB35C0095B008 /* Main.storyboard in Resources */,
				3AFC98752305591D00E0A49D /* PViewController.xib in Resources */,
			);
			runOnlyForDeploymentPostprocessing = 0;
		};
/* End PBXResourcesBuildPhase section */

/* Begin PBXSourcesBuildPhase section */
		3A4D8B8722DEB35C0095B008 /* Sources */ = {
			isa = PBXSourcesBuildPhase;
			buildActionMask = 2147483647;
			files = (
				3AFC98742305591D00E0A49D /* PViewController.swift in Sources */,
				3A4D8B9122DEB35C0095B008 /* ViewController.swift in Sources */,
				3A4D8B8F22DEB35C0095B008 /* AppDelegate.swift in Sources */,
				3A4D8BA122DEBE040095B008 /* PageViewController.swift in Sources */,
			);
			runOnlyForDeploymentPostprocessing = 0;
		};
/* End PBXSourcesBuildPhase section */

/* Begin PBXVariantGroup section */
		3A4D8B9222DEB35C0095B008 /* Main.storyboard */ = {
			isa = PBXVariantGroup;
			children = (
				3A4D8B9322DEB35C0095B008 /* Base */,
			);
			name = Main.storyboard;
			sourceTree = "<group>";
		};
		3A4D8B9722DEB35D0095B008 /* LaunchScreen.storyboard */ = {
			isa = PBXVariantGroup;
			children = (
				3A4D8B9822DEB35D0095B008 /* Base */,
			);
			name = LaunchScreen.storyboard;
			sourceTree = "<group>";
		};
/* End PBXVariantGroup section */

/* Begin XCBuildConfiguration section */
		3A4D8B9B22DEB35D0095B008 /* Debug */ = {
			isa = XCBuildConfiguration;
			buildSettings = {
				ALWAYS_SEARCH_USER_PATHS = NO;
				CLANG_ANALYZER_NONNULL = YES;
				CLANG_ANALYZER_NUMBER_OBJECT_CONVERSION = YES_AGGRESSIVE;
				CLANG_CXX_LANGUAGE_STANDARD = "gnu++14";
				CLANG_CXX_LIBRARY = "libc++";
				CLANG_ENABLE_MODULES = YES;
				CLANG_ENABLE_OBJC_ARC = YES;
				CLANG_ENABLE_OBJC_WEAK = YES;
				CLANG_WARN_BLOCK_CAPTURE_AUTORELEASING = YES;
				CLANG_WARN_BOOL_CONVERSION = YES;
				CLANG_WARN_COMMA = YES;
				CLANG_WARN_CONSTANT_CONVERSION = YES;
				CLANG_WARN_DEPRECATED_OBJC_IMPLEMENTATIONS = YES;
				CLANG_WARN_DIRECT_OBJC_ISA_USAGE = YES_ERROR;
				CLANG_WARN_DOCUMENTATION_COMMENTS = YES;
				CLANG_WARN_EMPTY_BODY = YES;
				CLANG_WARN_ENUM_CONVERSION = YES;
				CLANG_WARN_INFINITE_RECURSION = YES;
				CLANG_WARN_INT_CONVERSION = YES;
				CLANG_WARN_NON_LITERAL_NULL_CONVERSION = YES;
				CLANG_WARN_OBJC_IMPLICIT_RETAIN_SELF = YES;
				CLANG_WARN_OBJC_LITERAL_CONVERSION = YES;
				CLANG_WARN_OBJC_ROOT_CLASS = YES_ERROR;
				CLANG_WARN_RANGE_LOOP_ANALYSIS = YES;
				CLANG_WARN_STRICT_PROTOTYPES = YES;
				CLANG_WARN_SUSPICIOUS_MOVE = YES;
				CLANG_WARN_UNGUARDED_AVAILABILITY = YES_AGGRESSIVE;
				CLANG_WARN_UNREACHABLE_CODE = YES;
				CLANG_WARN__DUPLICATE_METHOD_MATCH = YES;
				CODE_SIGN_IDENTITY = "iPhone Developer";
				COPY_PHASE_STRIP = NO;
				DEBUG_INFORMATION_FORMAT = dwarf;
				ENABLE_STRICT_OBJC_MSGSEND = YES;
				ENABLE_TESTABILITY = YES;
				GCC_C_LANGUAGE_STANDARD = gnu11;
				GCC_DYNAMIC_NO_PIC = NO;
				GCC_NO_COMMON_BLOCKS = YES;
				GCC_OPTIMIZATION_LEVEL = 0;
				GCC_PREPROCESSOR_DEFINITIONS = (
					"DEBUG=1",
					"$(inherited)",
				);
				GCC_WARN_64_TO_32_BIT_CONVERSION = YES;
				GCC_WARN_ABOUT_RETURN_TYPE = YES_ERROR;
				GCC_WARN_UNDECLARED_SELECTOR = YES;
				GCC_WARN_UNINITIALIZED_AUTOS = YES_AGGRESSIVE;
				GCC_WARN_UNUSED_FUNCTION = YES;
				GCC_WARN_UNUSED_VARIABLE = YES;
				IPHONEOS_DEPLOYMENT_TARGET = 12.2;
				MTL_ENABLE_DEBUG_INFO = INCLUDE_SOURCE;
				MTL_FAST_MATH = YES;
				ONLY_ACTIVE_ARCH = YES;
				SDKROOT = iphoneos;
				SWIFT_ACTIVE_COMPILATION_CONDITIONS = DEBUG;
				SWIFT_OPTIMIZATION_LEVEL = "-Onone";
			};
			name = Debug;
		};
		3A4D8B9C22DEB35D0095B008 /* Release */ = {
			isa = XCBuildConfiguration;
			buildSettings = {
				ALWAYS_SEARCH_USER_PATHS = NO;
				CLANG_ANALYZER_NONNULL = YES;
				CLANG_ANALYZER_NUMBER_OBJECT_CONVERSION = YES_AGGRESSIVE;
				CLANG_CXX_LANGUAGE_STANDARD = "gnu++14";
				CLANG_CXX_LIBRARY = "libc++";
				CLANG_ENABLE_MODULES = YES;
				CLANG_ENABLE_OBJC_ARC = YES;
				CLANG_ENABLE_OBJC_WEAK = YES;
				CLANG_WARN_BLOCK_CAPTURE_AUTORELEASING = YES;
				CLANG_WARN_BOOL_CONVERSION = YES;
				CLANG_WARN_COMMA = YES;
				CLANG_WARN_CONSTANT_CONVERSION = YES;
				CLANG_WARN_DEPRECATED_OBJC_IMPLEMENTATIONS = YES;
				CLANG_WARN_DIRECT_OBJC_ISA_USAGE = YES_ERROR;
				CLANG_WARN_DOCUMENTATION_COMMENTS = YES;
				CLANG_WARN_EMPTY_BODY = YES;
				CLANG_WARN_ENUM_CONVERSION = YES;
				CLANG_WARN_INFINITE_RECURSION = YES;
				CLANG_WARN_INT_CONVERSION = YES;
				CLANG_WARN_NON_LITERAL_NULL_CONVERSION = YES;
				CLANG_WARN_OBJC_IMPLICIT_RETAIN_SELF = YES;
				CLANG_WARN_OBJC_LITERAL_CONVERSION = YES;
				CLANG_WARN_OBJC_ROOT_CLASS = YES_ERROR;
				CLANG_WARN_RANGE_LOOP_ANALYSIS = YES;
				CLANG_WARN_STRICT_PROTOTYPES = YES;
				CLANG_WARN_SUSPICIOUS_MOVE = YES;
				CLANG_WARN_UNGUARDED_AVAILABILITY = YES_AGGRESSIVE;
				CLANG_WARN_UNREACHABLE_CODE = YES;
				CLANG_WARN__DUPLICATE_METHOD_MATCH = YES;
				CODE_SIGN_IDENTITY = "iPhone Developer";
				COPY_PHASE_STRIP = NO;
				DEBUG_INFORMATION_FORMAT = "dwarf-with-dsym";
				ENABLE_NS_ASSERTIONS = NO;
				ENABLE_STRICT_OBJC_MSGSEND = YES;
				GCC_C_LANGUAGE_STANDARD = gnu11;
				GCC_NO_COMMON_BLOCKS = YES;
				GCC_WARN_64_TO_32_BIT_CONVERSION = YES;
				GCC_WARN_ABOUT_RETURN_TYPE = YES_ERROR;
				GCC_WARN_UNDECLARED_SELECTOR = YES;
				GCC_WARN_UNINITIALIZED_AUTOS = YES_AGGRESSIVE;
				GCC_WARN_UNUSED_FUNCTION = YES;
				GCC_WARN_UNUSED_VARIABLE = YES;
				IPHONEOS_DEPLOYMENT_TARGET = 12.2;
				MTL_ENABLE_DEBUG_INFO = NO;
				MTL_FAST_MATH = YES;
				SDKROOT = iphoneos;
				SWIFT_COMPILATION_MODE = wholemodule;
				SWIFT_OPTIMIZATION_LEVEL = "-O";
				VALIDATE_PRODUCT = YES;
			};
			name = Release;
		};
		3A4D8B9E22DEB35E0095B008 /* Debug */ = {
			isa = XCBuildConfiguration;
			buildSettings = {
				ASSETCATALOG_COMPILER_APPICON_NAME = AppIcon;
				CODE_SIGN_STYLE = Automatic;
				INFOPLIST_FILE = x/Info.plist;
				LD_RUNPATH_SEARCH_PATHS = (
					"$(inherited)",
					"@executable_path/Frameworks",
				);
				PRODUCT_BUNDLE_IDENTIFIER = com.duongtuan.x;
				PRODUCT_NAME = "$(TARGET_NAME)";
				SWIFT_VERSION = 5.0;
				TARGETED_DEVICE_FAMILY = "1,2";
			};
			name = Debug;
		};
		3A4D8B9F22DEB35E0095B008 /* Release */ = {
			isa = XCBuildConfiguration;
			buildSettings = {
				ASSETCATALOG_COMPILER_APPICON_NAME = AppIcon;
				CODE_SIGN_STYLE = Automatic;
				INFOPLIST_FILE = x/Info.plist;
				LD_RUNPATH_SEARCH_PATHS = (
					"$(inherited)",
					"@executable_path/Frameworks",
				);
				PRODUCT_BUNDLE_IDENTIFIER = com.duongtuan.x;
				PRODUCT_NAME = "$(TARGET_NAME)";
				SWIFT_VERSION = 5.0;
				TARGETED_DEVICE_FAMILY = "1,2";
			};
			name = Release;
		};
/* End XCBuildConfiguration section */

/* Begin XCConfigurationList section */
		3A4D8B8622DEB35C0095B008 /* Build configuration list for PBXProject "x" */ = {
			isa = XCConfigurationList;
			buildConfigurations = (
				3A4D8B9B22DEB35D0095B008 /* Debug */,
				3A4D8B9C22DEB35D0095B008 /* Release */,
			);
			defaultConfigurationIsVisible = 0;
			defaultConfigurationName = Release;
		};
		3A4D8B9D22DEB35E0095B008 /* Build configuration list for PBXNativeTarget "x" */ = {
			isa = XCConfigurationList;
			buildConfigurations = (
				3A4D8B9E22DEB35E0095B008 /* Debug */,
				3A4D8B9F22DEB35E0095B008 /* Release */,
			);
			defaultConfigurationIsVisible = 0;
			defaultConfigurationName = Release;
		};
/* End XCConfigurationList section */
	};
	rootObject = 3A4D8B8322DEB35C0095B008 /* Project object */;
}
